
Microsoft Visual Studio Solution File, Format Version 12.00
# Visual Studio Version 17
VisualStudioVersion = 17.7.34031.279
MinimumVisualStudioVersion = 10.0.40219.1
Project("{9A19103F-16F7-4668-BE54-9A1E7A4F7556}") = "LCPC", "LCPC.csproj", "{5C5CDF44-6A99-4323-82A2-11E5956E5B8C}"
EndProject
Global
	GlobalSection(SolutionConfigurationPlatforms) = preSolution
		Debug|Any CPU = Debug|Any CPU
		Release|Any CPU = Release|Any CPU
	EndGlobalSection
	GlobalSection(ProjectConfigurationPlatforms) = postSolution
		{5C5CDF44-6A99-4323-82A2-11E5956E5B8C}.Debug|Any CPU.ActiveCfg = Debug|Any CPU
		{5C5CDF44-6A99-4323-82A2-11E5956E5B8C}.Debug|Any CPU.Build.0 = Debug|Any CPU
		{5C5CDF44-6A99-4323-82A2-11E5956E5B8C}.Release|Any CPU.ActiveCfg = Release|Any CPU
		{5C5CDF44-6A99-4323-82A2-11E5956E5B8C}.Release|Any CPU.Build.0 = Release|Any CPU
	EndGlobalSection
	GlobalSection(SolutionProperties) = preSolution
		HideSolutionNode = FALSE
	EndGlobalSection
	GlobalSection(ExtensibilityGlobals) = postSolution
		SolutionGuid = {AD12FBC3-7F42-4ED9-8ADA-92CF1C5A3386}
	EndGlobalSection
EndGlobal
